PODS:
  - WilddogAuth (2.0.7):
    - WilddogCore (~> 2.0.2)
  - WilddogCore (2.0.7)
  - WilddogSync (2.2.3):
    - WilddogCore (~> 2.0.2)
  - WilddogVideo (0.5.8):
    - WilddogAuth (>= 2.0.2)
    - WilddogCore (>= 2.0.5)
    - WilddogSync (>= 2.0.2)

DEPENDENCIES:
  - WilddogVideo

SPEC CHECKSUMS:
  WilddogAuth: 6c5f364277547490eed7e5a5c955b45e544e8ebf
  WilddogCore: 5efd24eb73eac6c74c9299f52d0c6d5332cd239a
  WilddogSync: 7187d1e721ed1853b8383bc809d2416f27f561a4
  WilddogVideo: bb0e7e297f88fa65b004463923b69f1fc5192ae9

PODFILE CHECKSUM: 9b79b85c8e9443fc333e13f0d361a8427b95221b

COCOAPODS: 1.2.0
